<?xml version="1.0" encoding="utf-8"?>
<Project ToolsVersion="4.0" xmlns="http://schemas.microsoft.com/developer/msbuild/2003">
  <ItemGroup>
    <Filter Include="include">
      <UniqueIdentifier>{d82edf3c-1186-4c3b-8eb4-1027547a0c85}</UniqueIdentifier>
    </Filter>
    <Filter Include="src">
      <UniqueIdentifier>{e1142a0d-7337-400c-9b03-f2f9e4c6df81}</UniqueIdentifier>
    </Filter>
    <Filter Include="include\mesh">
      <UniqueIdentifier>{dd83f96a-a21a-4e93-9f54-67a21a8862bf}</UniqueIdentifier>
    </Filter>
    <Filter Include="src\mesh">
      <UniqueIdentifier>{8e561143-85b1-4536-919e-8d001964fe73}</UniqueIdentifier>
    </Filter>
    <Filter Include="include\core">
      <UniqueIdentifier>{d5fb1a51-f1b0-4b53-ae93-0e220c8f630a}</UniqueIdentifier>
    </Filter>
  </ItemGroup>
  <ItemGroup>
    <ClInclude Include="include\mesh\surface_mesh.h">
      <Filter>include\mesh</Filter>
    </ClInclude>
    <ClInclude Include="include\core\types.h">
      <Filter>include\core</Filter>
    </ClInclude>
    <ClInclude Include="include\core\config.h">
      <Filter>include\core</Filter>
    </ClInclude>
  </ItemGroup>
  <ItemGroup>
    <ClCompile Include="src\mesh\surface_mesh.cpp">
      <Filter>src\mesh</Filter>
    </ClCompile>
  </ItemGroup>
</Project>