<?xml version="1.0" encoding="utf-8"?>
<Project ToolsVersion="4.0" xmlns="http://schemas.microsoft.com/developer/msbuild/2003">
  <ItemGroup>
    <Filter Include="include">
      <UniqueIdentifier>{d82edf3c-1186-4c3b-8eb4-1027547a0c85}</UniqueIdentifier>
    </Filter>
    <Filter Include="src">
      <UniqueIdentifier>{e1142a0d-7337-400c-9b03-f2f9e4c6df81}</UniqueIdentifier>
    </Filter>
  </ItemGroup>
</Project>